// !$*UTF8*$!
{
	archiveVersion = 1;
	classes = {
	};
	objectVersion = 46;
	objects = {

/* Begin PBXBuildFile section */
		D71E3C511D8F141E00867EE0 /* UXComputableWorkflowProtocol.swift in Sources */ = {isa = PBXBuildFile; fileRef = D71E3C501D8F141E00867EE0 /* UXComputableWorkflowProtocol.swift */; };
		D741B5261D8CD95A00FEA5C1 /* UXComputingRowTemplate.swift in Sources */ = {isa = PBXBuildFile; fileRef = D741B5251D8CD95A00FEA5C1 /* UXComputingRowTemplate.swift */; };
		D741B5281D8D008500FEA5C1 /* vcComputingController.swift in Sources */ = {isa = PBXBuildFile; fileRef = D741B5271D8D008500FEA5C1 /* vcComputingController.swift */; };
		D741B52B1D8D009F00FEA5C1 /* OldViewController.storyboard in Resources */ = {isa = PBXBuildFile; fileRef = D741B5291D8D009F00FEA5C1 /* OldViewController.storyboard */; };
		D741B52D1D8D04DF00FEA5C1 /* vcBasicComputeRow.swift in Sources */ = {isa = PBXBuildFile; fileRef = D741B52C1D8D04DF00FEA5C1 /* vcBasicComputeRow.swift */; };
		D741B52F1D8D206000FEA5C1 /* tcvOperatorSelection.swift in Sources */ = {isa = PBXBuildFile; fileRef = D741B52E1D8D206000FEA5C1 /* tcvOperatorSelection.swift */; };
		D782DE131D8C822A009F0139 /* AppDelegate.swift in Sources */ = {isa = PBXBuildFile; fileRef = D782DE121D8C822A009F0139 /* AppDelegate.swift */; };
		D782DE151D8C822A009F0139 /* ViewController.swift in Sources */ = {isa = PBXBuildFile; fileRef = D782DE141D8C822A009F0139 /* ViewController.swift */; };
		D782DE171D8C822A009F0139 /* Assets.xcassets in Resources */ = {isa = PBXBuildFile; fileRef = D782DE161D8C822A009F0139 /* Assets.xcassets */; };
		D782DE1A1D8C822A009F0139 /* Main.storyboard in Resources */ = {isa = PBXBuildFile; fileRef = D782DE181D8C822A009F0139 /* Main.storyboard */; };
		D782DE221D8C8461009F0139 /* ComputableClosure.swift in Sources */ = {isa = PBXBuildFile; fileRef = D782DE211D8C8461009F0139 /* ComputableClosure.swift */; };
		D7B6CFEB1D8F9F11002E831B /* vCursorOverlay.swift in Sources */ = {isa = PBXBuildFile; fileRef = D7B6CFEA1D8F9F11002E831B /* vCursorOverlay.swift */; };
/* End PBXBuildFile section */

/* Begin PBXFileReference section */
		D71E3C501D8F141E00867EE0 /* UXComputableWorkflowProtocol.swift */ = {isa = PBXFileReference; fileEncoding = 4; lastKnownFileType = sourcecode.swift; path = UXComputableWorkflowProtocol.swift; sourceTree = "<group>"; };
		D741B5251D8CD95A00FEA5C1 /* UXComputingRowTemplate.swift */ = {isa = PBXFileReference; fileEncoding = 4; lastKnownFileType = sourcecode.swift; path = UXComputingRowTemplate.swift; sourceTree = "<group>"; };
		D741B5271D8D008500FEA5C1 /* vcComputingController.swift */ = {isa = PBXFileReference; fileEncoding = 4; lastKnownFileType = sourcecode.swift; path = vcComputingController.swift; sourceTree = "<group>"; };
		D741B52A1D8D009F00FEA5C1 /* Base */ = {isa = PBXFileReference; lastKnownFileType = file.storyboard; name = Base; path = Base.lproj/OldViewController.storyboard; sourceTree = "<group>"; };
		D741B52C1D8D04DF00FEA5C1 /* vcBasicComputeRow.swift */ = {isa = PBXFileReference; fileEncoding = 4; lastKnownFileType = sourcecode.swift; path = vcBasicComputeRow.swift; sourceTree = "<group>"; };
		D741B52E1D8D206000FEA5C1 /* tcvOperatorSelection.swift */ = {isa = PBXFileReference; fileEncoding = 4; lastKnownFileType = sourcecode.swift; path = tcvOperatorSelection.swift; sourceTree = "<group>"; };
		D782DE0F1D8C822A009F0139 /* UXComputableClosure.app */ = {isa = PBXFileReference; explicitFileType = wrapper.application; includeInIndex = 0; path = UXComputableClosure.app; sourceTree = BUILT_PRODUCTS_DIR; };
		D782DE121D8C822A009F0139 /* AppDelegate.swift */ = {isa = PBXFileReference; lastKnownFileType = sourcecode.swift; path = AppDelegate.swift; sourceTree = "<group>"; };
		D782DE141D8C822A009F0139 /* ViewController.swift */ = {isa = PBXFileReference; lastKnownFileType = sourcecode.swift; path = ViewController.swift; sourceTree = "<group>"; };
		D782DE161D8C822A009F0139 /* Assets.xcassets */ = {isa = PBXFileReference; lastKnownFileType = folder.assetcatalog; path = Assets.xcassets; sourceTree = "<group>"; };
		D782DE191D8C822A009F0139 /* Base */ = {isa = PBXFileReference; lastKnownFileType = file.storyboard; name = Base; path = Base.lproj/Main.storyboard; sourceTree = "<group>"; };
		D782DE1B1D8C822A009F0139 /* Info.plist */ = {isa = PBXFileReference; lastKnownFileType = text.plist.xml; path = Info.plist; sourceTree = "<group>"; };
		D782DE211D8C8461009F0139 /* ComputableClosure.swift */ = {isa = PBXFileReference; fileEncoding = 4; lastKnownFileType = sourcecode.swift; path = ComputableClosure.swift; sourceTree = "<group>"; };
		D7B6CFEA1D8F9F11002E831B /* vCursorOverlay.swift */ = {isa = PBXFileReference; fileEncoding = 4; lastKnownFileType = sourcecode.swift; path = vCursorOverlay.swift; sourceTree = "<group>"; };
		D7B6CFEC1D8FA2AE002E831B /* EditorView.swift */ = {isa = PBXFileReference; fileEncoding = 4; lastKnownFileType = sourcecode.swift; path = EditorView.swift; sourceTree = "<group>"; };
/* End PBXFileReference section */

/* Begin PBXFrameworksBuildPhase section */
		D782DE0C1D8C822A009F0139 /* Frameworks */ = {
			isa = PBXFrameworksBuildPhase;
			buildActionMask = 2147483647;
			files = (
			);
			runOnlyForDeploymentPostprocessing = 0;
		};
/* End PBXFrameworksBuildPhase section */

/* Begin PBXGroup section */
		D782DE061D8C822A009F0139 = {
			isa = PBXGroup;
			children = (
				D782DE111D8C822A009F0139 /* UXComputableClosure */,
				D782DE101D8C822A009F0139 /* Products */,
			);
			sourceTree = "<group>";
		};
		D782DE101D8C822A009F0139 /* Products */ = {
			isa = PBXGroup;
			children = (
				D782DE0F1D8C822A009F0139 /* UXComputableClosure.app */,
			);
			name = Products;
			sourceTree = "<group>";
		};
		D782DE111D8C822A009F0139 /* UXComputableClosure */ = {
			isa = PBXGroup;
			children = (
				D741B5251D8CD95A00FEA5C1 /* UXComputingRowTemplate.swift */,
				D782DE121D8C822A009F0139 /* AppDelegate.swift */,
				D782DE141D8C822A009F0139 /* ViewController.swift */,
				D741B5271D8D008500FEA5C1 /* vcComputingController.swift */,
				D782DE161D8C822A009F0139 /* Assets.xcassets */,
				D7B6CFEC1D8FA2AE002E831B /* EditorView.swift */,
				D782DE181D8C822A009F0139 /* Main.storyboard */,
				D71E3C501D8F141E00867EE0 /* UXComputableWorkflowProtocol.swift */,
				D7B6CFEA1D8F9F11002E831B /* vCursorOverlay.swift */,
				D741B52E1D8D206000FEA5C1 /* tcvOperatorSelection.swift */,
				D741B5291D8D009F00FEA5C1 /* OldViewController.storyboard */,
				D741B52C1D8D04DF00FEA5C1 /* vcBasicComputeRow.swift */,
				D782DE211D8C8461009F0139 /* ComputableClosure.swift */,
				D782DE1B1D8C822A009F0139 /* Info.plist */,
			);
			path = UXComputableClosure;
			sourceTree = "<group>";
		};
/* End PBXGroup section */

/* Begin PBXNativeTarget section */
		D782DE0E1D8C822A009F0139 /* UXComputableClosure */ = {
			isa = PBXNativeTarget;
			buildConfigurationList = D782DE1E1D8C822A009F0139 /* Build configuration list for PBXNativeTarget "UXComputableClosure" */;
			buildPhases = (
				D782DE0B1D8C822A009F0139 /* Sources */,
				D782DE0C1D8C822A009F0139 /* Frameworks */,
				D782DE0D1D8C822A009F0139 /* Resources */,
			);
			buildRules = (
			);
			dependencies = (
			);
			name = UXComputableClosure;
			productName = UXComputableClosure;
			productReference = D782DE0F1D8C822A009F0139 /* UXComputableClosure.app */;
			productType = "com.apple.product-type.application";
		};
/* End PBXNativeTarget section */

/* Begin PBXProject section */
		D782DE071D8C822A009F0139 /* Project object */ = {
			isa = PBXProject;
			attributes = {
				LastSwiftUpdateCheck = 0800;
				LastUpgradeCheck = 0800;
				ORGANIZATIONNAME = "Pho Hale";
				TargetAttributes = {
					D782DE0E1D8C822A009F0139 = {
						CreatedOnToolsVersion = 8.0;
						DevelopmentTeam = K7B7DK4EX4;
						ProvisioningStyle = Automatic;
					};
				};
			};
			buildConfigurationList = D782DE0A1D8C822A009F0139 /* Build configuration list for PBXProject "UXComputableClosure" */;
			compatibilityVersion = "Xcode 3.2";
			developmentRegion = English;
			hasScannedForEncodings = 0;
			knownRegions = (
				en,
				Base,
			);
			mainGroup = D782DE061D8C822A009F0139;
			productRefGroup = D782DE101D8C822A009F0139 /* Products */;
			projectDirPath = "";
			projectRoot = "";
			targets = (
				D782DE0E1D8C822A009F0139 /* UXComputableClosure */,
			);
		};
/* End PBXProject section */

/* Begin PBXResourcesBuildPhase section */
		D782DE0D1D8C822A009F0139 /* Resources */ = {
			isa = PBXResourcesBuildPhase;
			buildActionMask = 2147483647;
			files = (
				D782DE171D8C822A009F0139 /* Assets.xcassets in Resources */,
				D782DE1A1D8C822A009F0139 /* Main.storyboard in Resources */,
				D741B52B1D8D009F00FEA5C1 /* OldViewController.storyboard in Resources */,
			);
			runOnlyForDeploymentPostprocessing = 0;
		};
/* End PBXResourcesBuildPhase section */

/* Begin PBXSourcesBuildPhase section */
		D782DE0B1D8C822A009F0139 /* Sources */ = {
			isa = PBXSourcesBuildPhase;
			buildActionMask = 2147483647;
			files = (
				D741B5281D8D008500FEA5C1 /* vcComputingController.swift in Sources */,
				D782DE221D8C8461009F0139 /* ComputableClosure.swift in Sources */,
				D741B52D1D8D04DF00FEA5C1 /* vcBasicComputeRow.swift in Sources */,
				D782DE151D8C822A009F0139 /* ViewController.swift in Sources */,
				D741B5261D8CD95A00FEA5C1 /* UXComputingRowTemplate.swift in Sources */,
				D7B6CFEB1D8F9F11002E831B /* vCursorOverlay.swift in Sources */,
				D741B52F1D8D206000FEA5C1 /* tcvOperatorSelection.swift in Sources */,
				D782DE131D8C822A009F0139 /* AppDelegate.swift in Sources */,
				D71E3C511D8F141E00867EE0 /* UXComputableWorkflowProtocol.swift in Sources */,
			);
			runOnlyForDeploymentPostprocessing = 0;
		};
/* End PBXSourcesBuildPhase section */

/* Begin PBXVariantGroup section */
		D741B5291D8D009F00FEA5C1 /* OldViewController.storyboard */ = {
			isa = PBXVariantGroup;
			children = (
				D741B52A1D8D009F00FEA5C1 /* Base */,
			);
			name = OldViewController.storyboard;
			sourceTree = "<group>";
		};
		D782DE181D8C822A009F0139 /* Main.storyboard */ = {
			isa = PBXVariantGroup;
			children = (
				D782DE191D8C822A009F0139 /* Base */,
			);
			name = Main.storyboard;
			sourceTree = "<group>";
		};
/* End PBXVariantGroup section */

/* Begin XCBuildConfiguration section */
		D782DE1C1D8C822A009F0139 /* Debug */ = {
			isa = XCBuildConfiguration;
			buildSettings = {
				ALWAYS_SEARCH_USER_PATHS = NO;
				CLANG_ANALYZER_NONNULL = YES;
				CLANG_CXX_LANGUAGE_STANDARD = "gnu++0x";
				CLANG_CXX_LIBRARY = "libc++";
				CLANG_ENABLE_MODULES = YES;
				CLANG_ENABLE_OBJC_ARC = YES;
				CLANG_WARN_BOOL_CONVERSION = YES;
				CLANG_WARN_CONSTANT_CONVERSION = YES;
				CLANG_WARN_DIRECT_OBJC_ISA_USAGE = YES_ERROR;
				CLANG_WARN_DOCUMENTATION_COMMENTS = YES;
				CLANG_WARN_EMPTY_BODY = YES;
				CLANG_WARN_ENUM_CONVERSION = YES;
				CLANG_WARN_INFINITE_RECURSION = YES;
				CLANG_WARN_INT_CONVERSION = YES;
				CLANG_WARN_OBJC_ROOT_CLASS = YES_ERROR;
				CLANG_WARN_SUSPICIOUS_MOVES = YES;
				CLANG_WARN_UNREACHABLE_CODE = YES;
				CLANG_WARN__DUPLICATE_METHOD_MATCH = YES;
				CODE_SIGN_IDENTITY = "-";
				COPY_PHASE_STRIP = NO;
				DEBUG_INFORMATION_FORMAT = dwarf;
				ENABLE_STRICT_OBJC_MSGSEND = YES;
				ENABLE_TESTABILITY = YES;
				GCC_C_LANGUAGE_STANDARD = gnu99;
				GCC_DYNAMIC_NO_PIC = NO;
				GCC_NO_COMMON_BLOCKS = YES;
				GCC_OPTIMIZATION_LEVEL = 0;
				GCC_PREPROCESSOR_DEFINITIONS = (
					"DEBUG=1",
					"$(inherited)",
				);
				GCC_WARN_64_TO_32_BIT_CONVERSION = YES;
				GCC_WARN_ABOUT_RETURN_TYPE = YES_ERROR;
				GCC_WARN_UNDECLARED_SELECTOR = YES;
				GCC_WARN_UNINITIALIZED_AUTOS = YES_AGGRESSIVE;
				GCC_WARN_UNUSED_FUNCTION = YES;
				GCC_WARN_UNUSED_VARIABLE = YES;
				MACOSX_DEPLOYMENT_TARGET = 10.11;
				MTL_ENABLE_DEBUG_INFO = YES;
				ONLY_ACTIVE_ARCH = YES;
				SDKROOT = macosx;
				SWIFT_ACTIVE_COMPILATION_CONDITIONS = DEBUG;
				SWIFT_OPTIMIZATION_LEVEL = "-Onone";
			};
			name = Debug;
		};
		D782DE1D1D8C822A009F0139 /* Release */ = {
			isa = XCBuildConfiguration;
			buildSettings = {
				ALWAYS_SEARCH_USER_PATHS = NO;
				CLANG_ANALYZER_NONNULL = YES;
				CLANG_CXX_LANGUAGE_STANDARD = "gnu++0x";
				CLANG_CXX_LIBRARY = "libc++";
				CLANG_ENABLE_MODULES = YES;
				CLANG_ENABLE_OBJC_ARC = YES;
				CLANG_WARN_BOOL_CONVERSION = YES;
				CLANG_WARN_CONSTANT_CONVERSION = YES;
				CLANG_WARN_DIRECT_OBJC_ISA_USAGE = YES_ERROR;
				CLANG_WARN_DOCUMENTATION_COMMENTS = YES;
				CLANG_WARN_EMPTY_BODY = YES;
				CLANG_WARN_ENUM_CONVERSION = YES;
				CLANG_WARN_INFINITE_RECURSION = YES;
				CLANG_WARN_INT_CONVERSION = YES;
				CLANG_WARN_OBJC_ROOT_CLASS = YES_ERROR;
				CLANG_WARN_SUSPICIOUS_MOVES = YES;
				CLANG_WARN_UNREACHABLE_CODE = YES;
				CLANG_WARN__DUPLICATE_METHOD_MATCH = YES;
				CODE_SIGN_IDENTITY = "-";
				COPY_PHASE_STRIP = NO;
				DEBUG_INFORMATION_FORMAT = "dwarf-with-dsym";
				ENABLE_NS_ASSERTIONS = NO;
				ENABLE_STRICT_OBJC_MSGSEND = YES;
				GCC_C_LANGUAGE_STANDARD = gnu99;
				GCC_NO_COMMON_BLOCKS = YES;
				GCC_WARN_64_TO_32_BIT_CONVERSION = YES;
				GCC_WARN_ABOUT_RETURN_TYPE = YES_ERROR;
				GCC_WARN_UNDECLARED_SELECTOR = YES;
				GCC_WARN_UNINITIALIZED_AUTOS = YES_AGGRESSIVE;
				GCC_WARN_UNUSED_FUNCTION = YES;
				GCC_WARN_UNUSED_VARIABLE = YES;
				MACOSX_DEPLOYMENT_TARGET = 10.11;
				MTL_ENABLE_DEBUG_INFO = NO;
				SDKROOT = macosx;
				SWIFT_OPTIMIZATION_LEVEL = "-Owholemodule";
			};
			name = Release;
		};
		D782DE1F1D8C822A009F0139 /* Debug */ = {
			isa = XCBuildConfiguration;
			buildSettings = {
				ASSETCATALOG_COMPILER_APPICON_NAME = AppIcon;
				COMBINE_HIDPI_IMAGES = YES;
				DEVELOPMENT_TEAM = K7B7DK4EX4;
				INFOPLIST_FILE = UXComputableClosure/Info.plist;
				LD_RUNPATH_SEARCH_PATHS = "$(inherited) @executable_path/../Frameworks";
				PRODUCT_BUNDLE_IDENTIFIER = io.hale.pho.UXComputableClosure;
				PRODUCT_NAME = "$(TARGET_NAME)";
				SWIFT_VERSION = 3.0;
			};
			name = Debug;
		};
		D782DE201D8C822A009F0139 /* Release */ = {
			isa = XCBuildConfiguration;
			buildSettings = {
				ASSETCATALOG_COMPILER_APPICON_NAME = AppIcon;
				COMBINE_HIDPI_IMAGES = YES;
				DEVELOPMENT_TEAM = K7B7DK4EX4;
				INFOPLIST_FILE = UXComputableClosure/Info.plist;
				LD_RUNPATH_SEARCH_PATHS = "$(inherited) @executable_path/../Frameworks";
				PRODUCT_BUNDLE_IDENTIFIER = io.hale.pho.UXComputableClosure;
				PRODUCT_NAME = "$(TARGET_NAME)";
				SWIFT_VERSION = 3.0;
			};
			name = Release;
		};
/* End XCBuildConfiguration section */

/* Begin XCConfigurationList section */
		D782DE0A1D8C822A009F0139 /* Build configuration list for PBXProject "UXComputableClosure" */ = {
			isa = XCConfigurationList;
			buildConfigurations = (
				D782DE1C1D8C822A009F0139 /* Debug */,
				D782DE1D1D8C822A009F0139 /* Release */,
			);
			defaultConfigurationIsVisible = 0;
			defaultConfigurationName = Release;
		};
		D782DE1E1D8C822A009F0139 /* Build configuration list for PBXNativeTarget "UXComputableClosure" */ = {
			isa = XCConfigurationList;
			buildConfigurations = (
				D782DE1F1D8C822A009F0139 /* Debug */,
				D782DE201D8C822A009F0139 /* Release */,
			);
			defaultConfigurationIsVisible = 0;
			defaultConfigurationName = Release;
		};
/* End XCConfigurationList section */
	};
	rootObject = D782DE071D8C822A009F0139 /* Project object */;
}
